
Microsoft Visual Studio Solution File, Format Version 12.00
# Visual Studio 14
VisualStudioVersion = 14.0.25420.1
MinimumVisualStudioVersion = 10.0.40219.1
Project("{8BC9CEB8-8B4A-11D0-8D11-00A0C91BC942}") = "RADS_client", "RADS_client\RADS_client.vcxproj", "{F9F1D496-DECB-42D9-8EEF-D7C67AF93CBD}"
EndProject
Project("{8BC9CEB8-8B4A-11D0-8D11-00A0C91BC942}") = "RADS_server", "RADS_server\RADS_server.vcxproj", "{CEF1961C-8953-4563-964C-397540640B00}"
EndProject
Project("{8BC9CEB8-8B4A-11D0-8D11-00A0C91BC942}") = "RADS_common", "RADS_common\RADS_common.vcxproj", "{BFF72EA9-53E1-43CE-8962-F9FE1A04E0B7}"
EndProject
Global
	GlobalSection(SolutionConfigurationPlatforms) = preSolution
		Debug|x64 = Debug|x64
		Debug|x86 = Debug|x86
		Release|x64 = Release|x64
		Release|x86 = Release|x86
	EndGlobalSection
	GlobalSection(ProjectConfigurationPlatforms) = postSolution
		{F9F1D496-DECB-42D9-8EEF-D7C67AF93CBD}.Debug|x64.ActiveCfg = Debug|x64
		{F9F1D496-DECB-42D9-8EEF-D7C67AF93CBD}.Debug|x64.Build.0 = Debug|x64
		{F9F1D496-DECB-42D9-8EEF-D7C67AF93CBD}.Debug|x86.ActiveCfg = Debug|Win32
		{F9F1D496-DECB-42D9-8EEF-D7C67AF93CBD}.Debug|x86.Build.0 = Debug|Win32
		{F9F1D496-DECB-42D9-8EEF-D7C67AF93CBD}.Release|x64.ActiveCfg = Release|x64
		{F9F1D496-DECB-42D9-8EEF-D7C67AF93CBD}.Release|x64.Build.0 = Release|x64
		{F9F1D496-DECB-42D9-8EEF-D7C67AF93CBD}.Release|x86.ActiveCfg = Release|Win32
		{CEF1961C-8953-4563-964C-397540640B00}.Debug|x64.ActiveCfg = Debug|x64
		{CEF1961C-8953-4563-964C-397540640B00}.Debug|x64.Build.0 = Debug|x64
		{CEF1961C-8953-4563-964C-397540640B00}.Debug|x86.ActiveCfg = Debug|Win32
		{CEF1961C-8953-4563-964C-397540640B00}.Debug|x86.Build.0 = Debug|Win32
		{CEF1961C-8953-4563-964C-397540640B00}.Release|x64.ActiveCfg = Release|x64
		{CEF1961C-8953-4563-964C-397540640B00}.Release|x64.Build.0 = Release|x64
		{CEF1961C-8953-4563-964C-397540640B00}.Release|x86.ActiveCfg = Release|Win32
		{CEF1961C-8953-4563-964C-397540640B00}.Release|x86.Build.0 = Release|Win32
		{BFF72EA9-53E1-43CE-8962-F9FE1A04E0B7}.Debug|x64.ActiveCfg = Debug|x64
		{BFF72EA9-53E1-43CE-8962-F9FE1A04E0B7}.Debug|x64.Build.0 = Debug|x64
		{BFF72EA9-53E1-43CE-8962-F9FE1A04E0B7}.Debug|x86.ActiveCfg = Debug|Win32
		{BFF72EA9-53E1-43CE-8962-F9FE1A04E0B7}.Debug|x86.Build.0 = Debug|Win32
		{BFF72EA9-53E1-43CE-8962-F9FE1A04E0B7}.Release|x64.ActiveCfg = Release|x64
		{BFF72EA9-53E1-43CE-8962-F9FE1A04E0B7}.Release|x64.Build.0 = Release|x64
		{BFF72EA9-53E1-43CE-8962-F9FE1A04E0B7}.Release|x86.ActiveCfg = Release|Win32
		{BFF72EA9-53E1-43CE-8962-F9FE1A04E0B7}.Release|x86.Build.0 = Release|Win32
	EndGlobalSection
	GlobalSection(SolutionProperties) = preSolution
		HideSolutionNode = FALSE
	EndGlobalSection
EndGlobal
