<?xml version="1.0" encoding="utf-8"?>
<Project ToolsVersion="4.0" xmlns="http://schemas.microsoft.com/developer/msbuild/2003">
  <ItemGroup>
    <Filter Include="Source Files">
      <UniqueIdentifier>{4FC737F1-C7A5-4376-A066-2A32D752A2FF}</UniqueIdentifier>
      <Extensions>cpp;c;cc;cxx;def;odl;idl;hpj;bat;asm;asmx</Extensions>
    </Filter>
    <Filter Include="Header Files">
      <UniqueIdentifier>{93995380-89BD-4b04-88EB-625FBE52EBFB}</UniqueIdentifier>
      <Extensions>h;hh;hpp;hxx;hm;inl;inc;xsd</Extensions>
    </Filter>
    <Filter Include="Resource Files">
      <UniqueIdentifier>{67DA6AB6-F800-4c08-8B7A-83BB121AAD01}</UniqueIdentifier>
      <Extensions>rc;ico;cur;bmp;dlg;rc2;rct;bin;rgs;gif;jpg;jpeg;jpe;resx;tiff;tif;png;wav;mfcribbon-ms</Extensions>
    </Filter>
  </ItemGroup>
  <ItemGroup>
    <ClInclude Include="Sensor.h">
      <Filter>Header Files</Filter>
    </ClInclude>
    <ClInclude Include="Sensor_reader.h">
      <Filter>Header Files</Filter>
    </ClInclude>
    <ClInclude Include="GPS_position_reader.h">
      <Filter>Header Files</Filter>
    </ClInclude>
    <ClInclude Include="GPS_position.h">
      <Filter>Header Files</Filter>
    </ClInclude>
    <ClInclude Include="Temperature_sensor_reader.h">
      <Filter>Header Files</Filter>
    </ClInclude>
    <ClInclude Include="Temperature.h">
      <Filter>Header Files</Filter>
    </ClInclude>
    <ClInclude Include="Fuel_level.h">
      <Filter>Header Files</Filter>
    </ClInclude>
    <ClInclude Include="Fuel_level_reader.h">
      <Filter>Header Files</Filter>
    </ClInclude>
    <ClInclude Include="Speed.h">
      <Filter>Header Files</Filter>
    </ClInclude>
    <ClInclude Include="Speed_reader.h">
      <Filter>Header Files</Filter>
    </ClInclude>
    <ClInclude Include="Reading_data.h">
      <Filter>Header Files</Filter>
    </ClInclude>
    <ClInclude Include="Network_client.h">
      <Filter>Header Files</Filter>
    </ClInclude>
    <ClInclude Include="Network_server.h">
      <Filter>Header Files</Filter>
    </ClInclude>
    <ClInclude Include="Network_data.h">
      <Filter>Header Files</Filter>
    </ClInclude>
  </ItemGroup>
  <ItemGroup>
    <ClCompile Include="Sensor.cpp">
      <Filter>Source Files</Filter>
    </ClCompile>
    <ClCompile Include="Sensor_reader.cpp">
      <Filter>Source Files</Filter>
    </ClCompile>
    <ClCompile Include="GPS_position_reader.cpp">
      <Filter>Source Files</Filter>
    </ClCompile>
    <ClCompile Include="GPS_position.cpp">
      <Filter>Source Files</Filter>
    </ClCompile>
    <ClCompile Include="Temperature_sensor_reader.cpp">
      <Filter>Source Files</Filter>
    </ClCompile>
    <ClCompile Include="Temperature.cpp">
      <Filter>Source Files</Filter>
    </ClCompile>
    <ClCompile Include="Fuel_level.cpp">
      <Filter>Source Files</Filter>
    </ClCompile>
    <ClCompile Include="Fuel_level_reader.cpp">
      <Filter>Source Files</Filter>
    </ClCompile>
    <ClCompile Include="Speed.cpp">
      <Filter>Source Files</Filter>
    </ClCompile>
    <ClCompile Include="Speed_reader.cpp">
      <Filter>Source Files</Filter>
    </ClCompile>
    <ClCompile Include="Reading_data.cpp">
      <Filter>Source Files</Filter>
    </ClCompile>
    <ClCompile Include="Network_client.cpp">
      <Filter>Source Files</Filter>
    </ClCompile>
    <ClCompile Include="Network_server.cpp">
      <Filter>Source Files</Filter>
    </ClCompile>
  </ItemGroup>
</Project>